
Microsoft Visual Studio Solution File, Format Version 12.00
# Visual Studio 15
VisualStudioVersion = 15.0.28010.2019
MinimumVisualStudioVersion = 10.0.40219.1
Project("{FAE04EC0-301F-11D3-BF4B-00C04F79EFBC}") = "NoteAppUI", "NoteAppUI\NoteAppUI.csproj", "{CD54140B-6361-4BD3-B316-4349AFA41301}"
EndProject
Project("{FAE04EC0-301F-11D3-BF4B-00C04F79EFBC}") = "NoteApp", "NoteApp\NoteApp.csproj", "{020939B2-EF12-4A5C-B78F-08D0EA960EB8}"
EndProject
Global
	GlobalSection(SolutionConfigurationPlatforms) = preSolution
		Debug|Any CPU = Debug|Any CPU
		Release|Any CPU = Release|Any CPU
	EndGlobalSection
	GlobalSection(ProjectConfigurationPlatforms) = postSolution
		{CD54140B-6361-4BD3-B316-4349AFA41301}.Debug|Any CPU.ActiveCfg = Debug|Any CPU
		{CD54140B-6361-4BD3-B316-4349AFA41301}.Debug|Any CPU.Build.0 = Debug|Any CPU
		{CD54140B-6361-4BD3-B316-4349AFA41301}.Release|Any CPU.ActiveCfg = Release|Any CPU
		{CD54140B-6361-4BD3-B316-4349AFA41301}.Release|Any CPU.Build.0 = Release|Any CPU
		{020939B2-EF12-4A5C-B78F-08D0EA960EB8}.Debug|Any CPU.ActiveCfg = Debug|Any CPU
		{020939B2-EF12-4A5C-B78F-08D0EA960EB8}.Debug|Any CPU.Build.0 = Debug|Any CPU
		{020939B2-EF12-4A5C-B78F-08D0EA960EB8}.Release|Any CPU.ActiveCfg = Release|Any CPU
		{020939B2-EF12-4A5C-B78F-08D0EA960EB8}.Release|Any CPU.Build.0 = Release|Any CPU
	EndGlobalSection
	GlobalSection(SolutionProperties) = preSolution
		HideSolutionNode = FALSE
	EndGlobalSection
	GlobalSection(ExtensibilityGlobals) = postSolution
		SolutionGuid = {B82EA569-C765-4D66-8E18-A4AFAF1EAE5D}
	EndGlobalSection
EndGlobal
